{
  "version": 2,
  "dependencies": {
    ".NETFramework,Version=v4.8": {
      "Microsoft.AspNet.Identity.EntityFramework": {
        "type": "Direct",
        "requested": "[1.0.0, )",
        "resolved": "1.0.0",
        "contentHash": "2JkUDH+tsLZtofzuFZExVczqH6LaI+ocC6WaTzjQ4yoiQs+kl73fbJAMJIQTEeIsSss5Sl1ZbAPwiMiVvy2nAA==",
        "dependencies": {
          "EntityFramework": "6.0.0",
          "Microsoft.AspNet.Identity.Core": "1.0.0"
        }
      },
      "socialgoal.core": {
        "type": "Project"
      },
      "EntityFramework": {
        "type": "CentralTransitive",
        "requested": "[6.5.2, )",
        "resolved": "6.5.2",
        "contentHash": "8iOcnaKcgkWh35s8EhknnENNwwqvrBJ7jeNbQITbGo1mIeIOhGPfVdNOXZ3Y496T6e6wfXvz0WeXlgMdcgVYSA=="
      },
      "Microsoft.AspNet.Identity.Core": {
        "type": "CentralTransitive",
        "requested": "[1.0.0, )",
        "resolved": "1.0.0",
        "contentHash": "W5S4Og5z68sWd75kQ09V4QKcWFjxIHB9oKaqkWPBE5rQ/iJ1/8A2vJRiH4laqn73oNCzVpN6PXMtQQXMfghWAw=="
      }
    }
  }
}