{
  "version": 2,
  "dependencies": {
    ".NETFramework,Version=v4.8": {
      "Autofac": {
        "type": "Direct",
        "requested": "[3.1.5, )",
        "resolved": "3.1.5",
        "contentHash": "frkyrThoRejRRMkIfBwR2EbAxkH0LcfcPRhzSI2l9NPQyV58gztlPXkXJBuxGltRzahZnk4xkAk3nkZWZtdb1A=="
      },
      "Autofac.Mvc5": {
        "type": "Direct",
        "requested": "[3.0.0, )",
        "resolved": "3.0.0",
        "contentHash": "rVIKPa6Q9/XThL+udtp50ptCMKbsjcdiIw8V9aVfaMYCHYmEOm4cAUv8jnmASRsVfBIOq2XUMr1jOJ+Hc2+Lsg==",
        "dependencies": {
          "Autofac": "3.1.3"
        }
      },
      "AutoMapper": {
        "type": "Direct",
        "requested": "[3.1.1-ci1000, )",
        "resolved": "3.1.1-ci1000",
        "contentHash": "mI8NEDPBRPRa62tF9fD6p+xYVQ5F721lnqX5u89tvVK95VDseeGFXs1np04PXM/SKKzLEQ/OWDxfVaXzCzB2VQ=="
      },
      "elmah.corelibrary": {
        "type": "Direct",
        "requested": "[1.2.2, )",
        "resolved": "1.2.2",
        "contentHash": "OEx4ds9r2bw2/45VZwfw11lLv4y+mC2FUZxp7LsjmauFxj92K1kx8hafSBvls+V9s0WH0wv84B1LfWN/EaGfkg=="
      },
      "Elmah.MVC": {
        "type": "Direct",
        "requested": "[2.1.1, )",
        "resolved": "2.1.1",
        "contentHash": "EMkjk7HyIlijOAV+lx0hS6XKQYLYcQHjIcCFv/18qLgqKyN90e3hpJJojVGayRL1qB6PxeZYcMN+J+4orl08uQ==",
        "dependencies": {
          "elmah.corelibrary": "1.2.0.1"
        }
      },
      "EntityFramework": {
        "type": "Direct",
        "requested": "[6.5.2, )",
        "resolved": "6.5.2",
        "contentHash": "8iOcnaKcgkWh35s8EhknnENNwwqvrBJ7jeNbQITbGo1mIeIOhGPfVdNOXZ3Y496T6e6wfXvz0WeXlgMdcgVYSA=="
      },
      "Microsoft.AspNet.Identity.Core": {
        "type": "Direct",
        "requested": "[1.0.0, )",
        "resolved": "1.0.0",
        "contentHash": "W5S4Og5z68sWd75kQ09V4QKcWFjxIHB9oKaqkWPBE5rQ/iJ1/8A2vJRiH4laqn73oNCzVpN6PXMtQQXMfghWAw=="
      },
      "Microsoft.AspNet.Identity.EntityFramework": {
        "type": "Direct",
        "requested": "[1.0.0, )",
        "resolved": "1.0.0",
        "contentHash": "2JkUDH+tsLZtofzuFZExVczqH6LaI+ocC6WaTzjQ4yoiQs+kl73fbJAMJIQTEeIsSss5Sl1ZbAPwiMiVvy2nAA==",
        "dependencies": {
          "EntityFramework": "6.0.0",
          "Microsoft.AspNet.Identity.Core": "1.0.0"
        }
      },
      "Microsoft.AspNet.Identity.Owin": {
        "type": "Direct",
        "requested": "[1.0.0, )",
        "resolved": "1.0.0",
        "contentHash": "pnNhtGx48HCSXdSJWK/fzcRcEumxIJkd0Le8CeiEbtftBSynuUoqPmbgsKe97Er3b5Q9F4V52p9t4iURK6FEDQ==",
        "dependencies": {
          "Microsoft.AspNet.Identity.Core": "1.0.0",
          "Microsoft.Owin.Security": "2.0.0",
          "Microsoft.Owin.Security.Cookies": "2.0.0",
          "Microsoft.Owin.Security.OAuth": "2.0.0"
        }
      },
      "Microsoft.AspNet.Mvc": {
        "type": "Direct",
        "requested": "[5.0.0, )",
        "resolved": "5.0.0",
        "contentHash": "Dj4C1Nwa1PyxhGtjQx9p6WNTBdvN46gJZMcjQAjxB+2Lmcr+ixior9FGHf9PjH6UUxR9vCZVz16zMlofFdwbPQ==",
        "dependencies": {
          "Microsoft.AspNet.Razor": "3.0.0",
          "Microsoft.AspNet.WebPages": "3.0.0"
        }
      },
      "Microsoft.AspNet.Web.Optimization": {
        "type": "Direct",
        "requested": "[1.1.1, )",
        "resolved": "1.1.1",
        "contentHash": "j0GOx8vRZxiFIpLzJIgO3cg31HpTu9M/sqBKAQJozuqEECk2Ugri/7eDJ+fE7JoVUyeU9gfl9ns8tbFPAHUm4w==",
        "dependencies": {
          "Microsoft.Web.Infrastructure": "1.0.0",
          "WebGrease": "1.5.2"
        }
      },
      "Microsoft.CodeDom.Providers.DotNetCompilerPlatform": {
        "type": "Direct",
        "requested": "[3.6.0, )",
        "resolved": "3.6.0",
        "contentHash": "Wxo1vjgqJDawdtSBYegfe7fqUfdKn5vMtAMgHHxjV5rW9rSyQZMQ5t0YTCxyQ/IUyAOoUkrHMVXNLCdqAtH72w=="
      },
      "Microsoft.Net.Compilers.Toolset": {
        "type": "Direct",
        "requested": "[5.0.0, )",
        "resolved": "5.0.0",
        "contentHash": "uu6QZpECUc182QUzFF23VBdA/kAr4bAQtHM44w2sVSwv2t9fz2Ci43NIGFBgG04rmfjnJxemh0ph1RwNq6JJmA=="
      },
      "Microsoft.Owin": {
        "type": "Direct",
        "requested": "[2.0.0, )",
        "resolved": "2.0.0",
        "contentHash": "os1K9NezNGFPMkjtkNGnTDkgnKYUQCQniHYoTHtqQFhf/uiHCpcT9457hyHXZSWEglAZFaXJZQr74bZkgdE7Bw==",
        "dependencies": {
          "Owin": "1.0.0"
        }
      },
      "Microsoft.Owin.Host.SystemWeb": {
        "type": "Direct",
        "requested": "[2.0.0, )",
        "resolved": "2.0.0",
        "contentHash": "/n98MbCYG50DSDqkEawL8ft0npoZ9bp+rrFev88bhTdY1Taak9z+ZLQMdfGNEGtsRxzWuczw6GgZlPCRzR+39Q==",
        "dependencies": {
          "Microsoft.Owin": "2.0.0",
          "Owin": "1.0.0"
        }
      },
      "Microsoft.Owin.Security": {
        "type": "Direct",
        "requested": "[2.0.0, )",
        "resolved": "2.0.0",
        "contentHash": "muW0KIdRksubB5J5U3tndiRxd/1uXHO6bqdPaEkLL73GowgA439jSU+nrRzEXRI65tOFLde3Jr3fqqkt4OdnFQ==",
        "dependencies": {
          "Microsoft.Owin": "2.0.0",
          "Owin": "1.0.0"
        }
      },
      "Microsoft.Owin.Security.Cookies": {
        "type": "Direct",
        "requested": "[2.0.0, )",
        "resolved": "2.0.0",
        "contentHash": "2TFMGLb91DeqB3hJ+J1cfL5K2asXxTeI3nKpon4CAod9GYFosac8mkizBNmqGpWw7HRwfgb3vESr+NAMZPNSTA==",
        "dependencies": {
          "Microsoft.Owin": "2.0.0",
          "Microsoft.Owin.Security": "2.0.0",
          "Owin": "1.0.0"
        }
      },
      "Microsoft.Owin.Security.Facebook": {
        "type": "Direct",
        "requested": "[2.0.0, )",
        "resolved": "2.0.0",
        "contentHash": "nuYXPGYHiuGpgFIh2lxfJs59nEJnftc3edseMWTAkoaEhV+2SV4meNljtbrkN4rznNYKw/ztygYKTBpyktTk/w==",
        "dependencies": {
          "Microsoft.Owin": "2.0.0",
          "Microsoft.Owin.Security": "2.0.0",
          "Newtonsoft.Json": "4.5.11",
          "Owin": "1.0.0"
        }
      },
      "Microsoft.Owin.Security.Google": {
        "type": "Direct",
        "requested": "[2.0.0, )",
        "resolved": "2.0.0",
        "contentHash": "9Lj2xSN1v73QI4YerGymZVYBHneUctzjxktX9JrlcwQsuT0EOSR+CHlv6iO6mLOHH9OQIoAnEatrRioQy+8Ddg==",
        "dependencies": {
          "Microsoft.Owin": "2.0.0",
          "Microsoft.Owin.Security": "2.0.0",
          "Owin": "1.0.0"
        }
      },
      "Microsoft.Owin.Security.MicrosoftAccount": {
        "type": "Direct",
        "requested": "[2.0.0, )",
        "resolved": "2.0.0",
        "contentHash": "5e87sYzIdw6Z7XU+CgdP12/mtG/f/7Sj1wlrrJmxTWAsALsopJkFIzyjaD2E1/8kfnfvAiQJIfwPKhwJ7xRiOw==",
        "dependencies": {
          "Microsoft.Owin": "2.0.0",
          "Microsoft.Owin.Security": "2.0.0",
          "Newtonsoft.Json": "4.5.11",
          "Owin": "1.0.0"
        }
      },
      "Microsoft.Owin.Security.OAuth": {
        "type": "Direct",
        "requested": "[2.0.0, )",
        "resolved": "2.0.0",
        "contentHash": "RXW1OTwTCmYTTacCb/e4tjxUXYdFp07X5b/t4pI5fbBys1Ev6dTtsZWMqfIESW/z6+sPeKDn/8zkTsFTe9DsPw==",
        "dependencies": {
          "Microsoft.Owin": "2.0.0",
          "Microsoft.Owin.Security": "2.0.0",
          "Newtonsoft.Json": "4.5.11",
          "Owin": "1.0.0"
        }
      },
      "Microsoft.Owin.Security.Twitter": {
        "type": "Direct",
        "requested": "[2.0.0, )",
        "resolved": "2.0.0",
        "contentHash": "xM5gM0lpIdCOQEEsInkRuR2EpjG/M7pg0TAExMSxN2j048HyOPrzHaMPq/1SqSvAE14MsF00oWk3GyLyzRBvPQ==",
        "dependencies": {
          "Microsoft.Owin": "2.0.0",
          "Microsoft.Owin.Security": "2.0.0",
          "Newtonsoft.Json": "4.5.11",
          "Owin": "1.0.0"
        }
      },
      "Microsoft.Web.Infrastructure": {
        "type": "Direct",
        "requested": "[1.0.0, )",
        "resolved": "1.0.0",
        "contentHash": "FNmvLn5m2LTU/Rs2KWVo0SIIh9Ek+U0ojex7xeDaSHw/zgEP77A8vY5cVWgUtBGS8MJfDGNn8rpXJWEIQaPwTg=="
      },
      "MSBuild.Microsoft.VisualStudio.Web.targets": {
        "type": "Direct",
        "requested": "[14.0.0.3, )",
        "resolved": "14.0.0.3",
        "contentHash": "38FjZFXUvPG9azsfJzC3UiW6+ogg2jPQBZxtAUV4ybIowiUuHgDS9M2EAeFPBivqiUgALqXh1BoAHSmTiT52gA=="
      },
      "MvcMailer": {
        "type": "Direct",
        "requested": "[4.5.0, )",
        "resolved": "4.5.0",
        "contentHash": "8X3U/yFtHJHhn/gh/RmAFUW0jF/HnUrkhQ/HJeBk9bDx76O/LGfxwMQGpZ799ZLfmtxomb8mnA7YyWzUvt5p+Q==",
        "dependencies": {
          "T4Scaffolding.Core": "1.0.0"
        }
      },
      "Newtonsoft.Json": {
        "type": "Direct",
        "requested": "[13.0.4, )",
        "resolved": "13.0.4",
        "contentHash": "pdgNNMai3zv51W5aq268sujXUyx7SNdE2bj1wZcWjAQrKMFZV260lbqYop1d2GM67JI1huLRwxo9ZqnfF/lC6A=="
      },
      "Owin": {
        "type": "Direct",
        "requested": "[1.0.0, )",
        "resolved": "1.0.0",
        "contentHash": "OseTFniKmyp76mEzOBwIKGBRS5eMoYNkMKaMXOpxx9jv88+b6mh1rSaw43vjBOItNhaLFG3d0a20PfHyibH5sw=="
      },
      "PagedList": {
        "type": "Direct",
        "requested": "[1.17.0, )",
        "resolved": "1.17.0",
        "contentHash": "Ou6F3WKXh49hOo0TxWM+SkIGuKllYPuPPvnSYOlQ1sTrtuEyuDUhYbSJd5Sdb06i/sWUJZTjiUecEs3Ht/Hx3g=="
      },
      "PagedList.Mvc": {
        "type": "Direct",
        "requested": "[4.5.0, )",
        "resolved": "4.5.0",
        "contentHash": "D0M4qW2g4a9cwG8ozIKUnJheCrm5GpFTceqUl63AXWaAVnTgk+TysZYUOGMsBRuzid8aF+/E8b0bXM6+90jiEw==",
        "dependencies": {
          "PagedList": "1.17.0"
        }
      },
      "T4Scaffolding.Core": {
        "type": "Transitive",
        "resolved": "1.0.0",
        "contentHash": "nKm6FfCEeMVAptdIsrKa8kXEZ9bSGvJot2y93OscMxFSwDlChLr/euDCBkljU7ui4pmln2vVkbZPCjjKSGRnqg=="
      },
      "socialgoal.core": {
        "type": "Project"
      },
      "socialgoal.data": {
        "type": "Project",
        "dependencies": {
          "EntityFramework": "[6.5.2, )",
          "Microsoft.AspNet.Identity.EntityFramework": "[1.0.0, )",
          "PagedList": "[1.17.0, )",
          "SocialGoal.Model": "[1.0.0, )"
        }
      },
      "socialgoal.model": {
        "type": "Project",
        "dependencies": {
          "Microsoft.AspNet.Identity.EntityFramework": "[1.0.0, )",
          "SocialGoal.Core": "[1.0.0, )"
        }
      },
      "socialgoal.service": {
        "type": "Project",
        "dependencies": {
          "PagedList": "[1.17.0, )",
          "SocialGoal.Core": "[1.0.0, )",
          "SocialGoal.Data": "[1.0.0, )",
          "SocialGoal.Model": "[1.0.0, )",
          "SocialGoal.Web.Core": "[1.0.0, )"
        }
      },
      "socialgoal.web.core": {
        "type": "Project",
        "dependencies": {
          "AutoMapper": "[3.1.1-ci1000, )",
          "Microsoft.AspNet.Mvc": "[5.0.0, )",
          "PagedList": "[1.17.0, )",
          "SocialGoal.Core": "[1.0.0, )",
          "SocialGoal.Model": "[1.0.0, )"
        }
      },
      "Antlr": {
        "type": "CentralTransitive",
        "requested": "[3.4.1.9004, )",
        "resolved": "3.4.1.9004",
        "contentHash": "c1S+HBE+KYA5EBxtn25LEK02hHPH/tDQ6RviUTTCJpZIPoputtn8ArsQJy9lVJWZOnw37ufByO2Fmf1M8wpr8Q=="
      },
      "Microsoft.AspNet.Razor": {
        "type": "CentralTransitive",
        "requested": "[3.0.0, )",
        "resolved": "3.0.0",
        "contentHash": "mU1W0PRd1uQAb+triRGp51YYkw26RQ9q1tWPX57eHqxDqjx1smRHhejQhhnoAGr3bZDkl8AoUxegGR3tNM+YKA=="
      },
      "Microsoft.AspNet.WebPages": {
        "type": "CentralTransitive",
        "requested": "[3.0.0, )",
        "resolved": "3.0.0",
        "contentHash": "wkz/rBJlALE/tVfhVFpadcaBK0oLGOb8AbuyWQ5qr84JPHtqWjsJUe3Lfyzu2ZixdYrQ9NuKMNlKIshaJUsCFA==",
        "dependencies": {
          "Microsoft.AspNet.Razor": "3.0.0",
          "Microsoft.Web.Infrastructure": "1.0.0"
        }
      },
      "WebGrease": {
        "type": "CentralTransitive",
        "requested": "[1.5.2, )",
        "resolved": "1.5.2",
        "contentHash": "VoyDSOOugLx3q5IyOgEcjeYZQOqV9VWZQT57UtN4szlYhAmOcEjVfKWXbtRqBuX43pgyL9E7nMSIPoryC8Cu1Q==",
        "dependencies": {
          "Antlr": "3.4.1.9004",
          "Newtonsoft.Json": "5.0.4"
        }
      }
    }
  }
}